
Microsoft Visual Studio Solution File, Format Version 12.00
# Visual Studio Version 17
VisualStudioVersion = 17.9.34607.119
MinimumVisualStudioVersion = 10.0.40219.1
Project("{151D2E53-A2C4-4D7D-83FE-D05416EBD58E}") = "AzureRessourceGroup1", "AzureRessourceGroup1\AzureRessourceGroup1.deployproj", "{E2A2202C-EC6F-4036-9EE1-15A9F4B7302F}"
EndProject
Global
	GlobalSection(SolutionConfigurationPlatforms) = preSolution
		Debug|Any CPU = Debug|Any CPU
		Release|Any CPU = Release|Any CPU
	EndGlobalSection
	GlobalSection(ProjectConfigurationPlatforms) = postSolution
		{E2A2202C-EC6F-4036-9EE1-15A9F4B7302F}.Debug|Any CPU.ActiveCfg = Debug|Any CPU
		{E2A2202C-EC6F-4036-9EE1-15A9F4B7302F}.Debug|Any CPU.Build.0 = Debug|Any CPU
		{E2A2202C-EC6F-4036-9EE1-15A9F4B7302F}.Release|Any CPU.ActiveCfg = Release|Any CPU
		{E2A2202C-EC6F-4036-9EE1-15A9F4B7302F}.Release|Any CPU.Build.0 = Release|Any CPU
	EndGlobalSection
	GlobalSection(SolutionProperties) = preSolution
		HideSolutionNode = FALSE
	EndGlobalSection
	GlobalSection(ExtensibilityGlobals) = postSolution
		SolutionGuid = {92C6CA1E-D680-4499-9732-D39DD0B3CB3E}
	EndGlobalSection
EndGlobal
